
Microsoft Visual Studio Solution File, Format Version 12.00
# Visual Studio Version 17
VisualStudioVersion = 17.1.32421.90
MinimumVisualStudioVersion = 10.0.40219.1
Project("{2150E333-8FDC-42A3-9474-1A3956D46DE8}") = "Application", "Application", "{6C55ECF2-737D-42D7-B069-05367E50DCA8}"
EndProject
Project("{2150E333-8FDC-42A3-9474-1A3956D46DE8}") = "Infra.Data", "Infra.Data", "{6C5D62F8-7AB1-4EBF-9A91-464286837EAE}"
EndProject
Project("{2150E333-8FDC-42A3-9474-1A3956D46DE8}") = "Infra.Ioc", "Infra.Ioc", "{0B7905C4-F99C-4A15-BB13-DAD44D0C0579}"
EndProject
Project("{2150E333-8FDC-42A3-9474-1A3956D46DE8}") = "Presentation", "Presentation", "{B4853F9B-569C-4935-B6EE-13CF65DAECEF}"
EndProject
Project("{9A19103F-16F7-4668-BE54-9A1E7A4F7556}") = "CleanArch.Mvc", "ClearnArch.Mvc\CleanArch.Mvc.csproj", "{818DBF2A-0F72-44E9-AD8A-5F66786C6EEC}"
EndProject
Project("{2150E333-8FDC-42A3-9474-1A3956D46DE8}") = "Domain", "Domain", "{A7E812F9-D7AC-4CED-BCA9-52E44375D08A}"
EndProject
Project("{9A19103F-16F7-4668-BE54-9A1E7A4F7556}") = "CleanArch.Domain", "CleanArch.Domain\CleanArch.Domain.csproj", "{AFECF25B-814C-424A-A8F1-B6A4B56EA6A3}"
EndProject
Project("{9A19103F-16F7-4668-BE54-9A1E7A4F7556}") = "CleanArch.Infra.Data", "CleanArch.Infra.Data\CleanArch.Infra.Data.csproj", "{A0126A86-513A-4636-8D60-50E889BC3E1C}"
EndProject
Project("{FAE04EC0-301F-11D3-BF4B-00C04F79EFBC}") = "CleanArch.Application", "CleanArch.Application\CleanArch.Application.csproj", "{9B33D227-1F21-45E1-8F3B-C424A2BA00E3}"
EndProject
Project("{FAE04EC0-301F-11D3-BF4B-00C04F79EFBC}") = "CleanArch.Infra.IoC", "CleanArch.Infra.IoC\CleanArch.Infra.IoC.csproj", "{D5E6E4B0-4B4D-40A2-BA98-FFAC419D2D29}"
EndProject
Global
	GlobalSection(SolutionConfigurationPlatforms) = preSolution
		Debug|Any CPU = Debug|Any CPU
		Release|Any CPU = Release|Any CPU
	EndGlobalSection
	GlobalSection(ProjectConfigurationPlatforms) = postSolution
		{818DBF2A-0F72-44E9-AD8A-5F66786C6EEC}.Debug|Any CPU.ActiveCfg = Debug|Any CPU
		{818DBF2A-0F72-44E9-AD8A-5F66786C6EEC}.Debug|Any CPU.Build.0 = Debug|Any CPU
		{818DBF2A-0F72-44E9-AD8A-5F66786C6EEC}.Release|Any CPU.ActiveCfg = Release|Any CPU
		{818DBF2A-0F72-44E9-AD8A-5F66786C6EEC}.Release|Any CPU.Build.0 = Release|Any CPU
		{AFECF25B-814C-424A-A8F1-B6A4B56EA6A3}.Debug|Any CPU.ActiveCfg = Debug|Any CPU
		{AFECF25B-814C-424A-A8F1-B6A4B56EA6A3}.Debug|Any CPU.Build.0 = Debug|Any CPU
		{AFECF25B-814C-424A-A8F1-B6A4B56EA6A3}.Release|Any CPU.ActiveCfg = Release|Any CPU
		{AFECF25B-814C-424A-A8F1-B6A4B56EA6A3}.Release|Any CPU.Build.0 = Release|Any CPU
		{A0126A86-513A-4636-8D60-50E889BC3E1C}.Debug|Any CPU.ActiveCfg = Debug|Any CPU
		{A0126A86-513A-4636-8D60-50E889BC3E1C}.Debug|Any CPU.Build.0 = Debug|Any CPU
		{A0126A86-513A-4636-8D60-50E889BC3E1C}.Release|Any CPU.ActiveCfg = Release|Any CPU
		{A0126A86-513A-4636-8D60-50E889BC3E1C}.Release|Any CPU.Build.0 = Release|Any CPU
		{9B33D227-1F21-45E1-8F3B-C424A2BA00E3}.Debug|Any CPU.ActiveCfg = Debug|Any CPU
		{9B33D227-1F21-45E1-8F3B-C424A2BA00E3}.Debug|Any CPU.Build.0 = Debug|Any CPU
		{9B33D227-1F21-45E1-8F3B-C424A2BA00E3}.Release|Any CPU.ActiveCfg = Release|Any CPU
		{9B33D227-1F21-45E1-8F3B-C424A2BA00E3}.Release|Any CPU.Build.0 = Release|Any CPU
		{D5E6E4B0-4B4D-40A2-BA98-FFAC419D2D29}.Debug|Any CPU.ActiveCfg = Debug|Any CPU
		{D5E6E4B0-4B4D-40A2-BA98-FFAC419D2D29}.Debug|Any CPU.Build.0 = Debug|Any CPU
		{D5E6E4B0-4B4D-40A2-BA98-FFAC419D2D29}.Release|Any CPU.ActiveCfg = Release|Any CPU
		{D5E6E4B0-4B4D-40A2-BA98-FFAC419D2D29}.Release|Any CPU.Build.0 = Release|Any CPU
	EndGlobalSection
	GlobalSection(SolutionProperties) = preSolution
		HideSolutionNode = FALSE
	EndGlobalSection
	GlobalSection(NestedProjects) = preSolution
		{818DBF2A-0F72-44E9-AD8A-5F66786C6EEC} = {B4853F9B-569C-4935-B6EE-13CF65DAECEF}
		{AFECF25B-814C-424A-A8F1-B6A4B56EA6A3} = {A7E812F9-D7AC-4CED-BCA9-52E44375D08A}
		{A0126A86-513A-4636-8D60-50E889BC3E1C} = {6C5D62F8-7AB1-4EBF-9A91-464286837EAE}
		{9B33D227-1F21-45E1-8F3B-C424A2BA00E3} = {6C55ECF2-737D-42D7-B069-05367E50DCA8}
		{D5E6E4B0-4B4D-40A2-BA98-FFAC419D2D29} = {0B7905C4-F99C-4A15-BB13-DAD44D0C0579}
	EndGlobalSection
	GlobalSection(ExtensibilityGlobals) = postSolution
		SolutionGuid = {BB0C8976-58C2-4CEB-B448-F561BF801EC5}
	EndGlobalSection
EndGlobal
